
Microsoft Visual Studio Solution File, Format Version 12.00
# Visual Studio 15
VisualStudioVersion = 15.0.28010.2050
MinimumVisualStudioVersion = 10.0.40219.1
Project("{FAE04EC0-301F-11D3-BF4B-00C04F79EFBC}") = "SimpleEventSourceSample", "SimpleEventSourceSample\SimpleEventSourceSample.csproj", "{D37C8EC0-E93E-4C3B-B52A-0A2282071132}"
EndProject
Project("{FAE04EC0-301F-11D3-BF4B-00C04F79EFBC}") = "EventSourceSampleInheritance", "EventSourceSampleInheritance\EventSourceSampleInheritance.csproj", "{9B3A8D4A-8E58-4C55-BF80-0CE7108C338B}"
EndProject
Global
	GlobalSection(SolutionConfigurationPlatforms) = preSolution
		Debug|Any CPU = Debug|Any CPU
		Release|Any CPU = Release|Any CPU
	EndGlobalSection
	GlobalSection(ProjectConfigurationPlatforms) = postSolution
		{D37C8EC0-E93E-4C3B-B52A-0A2282071132}.Debug|Any CPU.ActiveCfg = Debug|Any CPU
		{D37C8EC0-E93E-4C3B-B52A-0A2282071132}.Debug|Any CPU.Build.0 = Debug|Any CPU
		{D37C8EC0-E93E-4C3B-B52A-0A2282071132}.Release|Any CPU.ActiveCfg = Release|Any CPU
		{D37C8EC0-E93E-4C3B-B52A-0A2282071132}.Release|Any CPU.Build.0 = Release|Any CPU
		{9B3A8D4A-8E58-4C55-BF80-0CE7108C338B}.Debug|Any CPU.ActiveCfg = Debug|Any CPU
		{9B3A8D4A-8E58-4C55-BF80-0CE7108C338B}.Debug|Any CPU.Build.0 = Debug|Any CPU
		{9B3A8D4A-8E58-4C55-BF80-0CE7108C338B}.Release|Any CPU.ActiveCfg = Release|Any CPU
		{9B3A8D4A-8E58-4C55-BF80-0CE7108C338B}.Release|Any CPU.Build.0 = Release|Any CPU
	EndGlobalSection
	GlobalSection(SolutionProperties) = preSolution
		HideSolutionNode = FALSE
	EndGlobalSection
	GlobalSection(ExtensibilityGlobals) = postSolution
		SolutionGuid = {BB5F9D31-FE88-4B34-8B65-0FD200F95868}
	EndGlobalSection
EndGlobal
